// !$*UTF8*$!
{
	archiveVersion = 1;
	classes = {
	};
	objectVersion = 50;
	objects = {

/* Begin PBXBuildFile section */
		92675B9022DC8AB0009B8559 /* AppDelegate.swift in Sources */ = {isa = PBXBuildFile; fileRef = 92675B8F22DC8AB0009B8559 /* AppDelegate.swift */; };
		92675B9422DC8AB2009B8559 /* Assets.xcassets in Resources */ = {isa = PBXBuildFile; fileRef = 92675B9322DC8AB2009B8559 /* Assets.xcassets */; };
		92675B9722DC8AB2009B8559 /* Main.storyboard in Resources */ = {isa = PBXBuildFile; fileRef = 92675B9522DC8AB2009B8559 /* Main.storyboard */; };
		929E5A1522E2B4CE00FBEE1A /* Constant.swift in Sources */ = {isa = PBXBuildFile; fileRef = 929E5A1422E2B4CE00FBEE1A /* Constant.swift */; };
		92DD8E1922E83AAB0012C96B /* Utils.swift in Sources */ = {isa = PBXBuildFile; fileRef = 92DD8E1822E83AAB0012C96B /* Utils.swift */; };
		92DD8E1B22E83D2D0012C96B /* Battery.swift in Sources */ = {isa = PBXBuildFile; fileRef = 92DD8E1A22E83D2D0012C96B /* Battery.swift */; };
/* End PBXBuildFile section */

/* Begin PBXFileReference section */
		92675B8C22DC8AB0009B8559 /* BatteryBar.app */ = {isa = PBXFileReference; explicitFileType = wrapper.application; includeInIndex = 0; path = BatteryBar.app; sourceTree = BUILT_PRODUCTS_DIR; };
		92675B8F22DC8AB0009B8559 /* AppDelegate.swift */ = {isa = PBXFileReference; lastKnownFileType = sourcecode.swift; path = AppDelegate.swift; sourceTree = "<group>"; };
		92675B9322DC8AB2009B8559 /* Assets.xcassets */ = {isa = PBXFileReference; lastKnownFileType = folder.assetcatalog; path = Assets.xcassets; sourceTree = "<group>"; };
		92675B9622DC8AB2009B8559 /* Base */ = {isa = PBXFileReference; lastKnownFileType = file.storyboard; name = Base; path = Base.lproj/Main.storyboard; sourceTree = "<group>"; };
		92675B9822DC8AB2009B8559 /* Info.plist */ = {isa = PBXFileReference; lastKnownFileType = text.plist.xml; path = Info.plist; sourceTree = "<group>"; };
		92675B9922DC8AB2009B8559 /* Battery.entitlements */ = {isa = PBXFileReference; lastKnownFileType = text.plist.entitlements; path = Battery.entitlements; sourceTree = "<group>"; };
		929E5A1422E2B4CE00FBEE1A /* Constant.swift */ = {isa = PBXFileReference; fileEncoding = 4; lastKnownFileType = sourcecode.swift; path = Constant.swift; sourceTree = "<group>"; };
		92DD8E1822E83AAB0012C96B /* Utils.swift */ = {isa = PBXFileReference; lastKnownFileType = sourcecode.swift; path = Utils.swift; sourceTree = "<group>"; };
		92DD8E1A22E83D2D0012C96B /* Battery.swift */ = {isa = PBXFileReference; lastKnownFileType = sourcecode.swift; path = Battery.swift; sourceTree = "<group>"; };
/* End PBXFileReference section */

/* Begin PBXFrameworksBuildPhase section */
		92675B8922DC8AB0009B8559 /* Frameworks */ = {
			isa = PBXFrameworksBuildPhase;
			buildActionMask = 2147483647;
			files = (
			);
			runOnlyForDeploymentPostprocessing = 0;
		};
/* End PBXFrameworksBuildPhase section */

/* Begin PBXGroup section */
		92675B8322DC8AB0009B8559 = {
			isa = PBXGroup;
			children = (
				92675B8E22DC8AB0009B8559 /* Battery */,
				92675B8D22DC8AB0009B8559 /* Products */,
			);
			sourceTree = "<group>";
		};
		92675B8D22DC8AB0009B8559 /* Products */ = {
			isa = PBXGroup;
			children = (
				92675B8C22DC8AB0009B8559 /* BatteryBar.app */,
			);
			name = Products;
			sourceTree = "<group>";
		};
		92675B8E22DC8AB0009B8559 /* Battery */ = {
			isa = PBXGroup;
			children = (
				92DD8E1722E83A920012C96B /* Core */,
				92675B8F22DC8AB0009B8559 /* AppDelegate.swift */,
				92675B9322DC8AB2009B8559 /* Assets.xcassets */,
				92675B9522DC8AB2009B8559 /* Main.storyboard */,
				92675B9822DC8AB2009B8559 /* Info.plist */,
				92675B9922DC8AB2009B8559 /* Battery.entitlements */,
			);
			path = Battery;
			sourceTree = "<group>";
		};
		92DD8E1722E83A920012C96B /* Core */ = {
			isa = PBXGroup;
			children = (
				929E5A1422E2B4CE00FBEE1A /* Constant.swift */,
				92DD8E1822E83AAB0012C96B /* Utils.swift */,
				92DD8E1A22E83D2D0012C96B /* Battery.swift */,
			);
			path = Core;
			sourceTree = "<group>";
		};
/* End PBXGroup section */

/* Begin PBXNativeTarget section */
		92675B8B22DC8AB0009B8559 /* BatteryBar */ = {
			isa = PBXNativeTarget;
			buildConfigurationList = 92675B9C22DC8AB2009B8559 /* Build configuration list for PBXNativeTarget "BatteryBar" */;
			buildPhases = (
				92675B8822DC8AB0009B8559 /* Sources */,
				92675B8922DC8AB0009B8559 /* Frameworks */,
				92675B8A22DC8AB0009B8559 /* Resources */,
			);
			buildRules = (
			);
			dependencies = (
			);
			name = BatteryBar;
			productName = Battery;
			productReference = 92675B8C22DC8AB0009B8559 /* BatteryBar.app */;
			productType = "com.apple.product-type.application";
		};
/* End PBXNativeTarget section */

/* Begin PBXProject section */
		92675B8422DC8AB0009B8559 /* Project object */ = {
			isa = PBXProject;
			attributes = {
				LastSwiftUpdateCheck = 1020;
				LastUpgradeCheck = 1020;
				ORGANIZATIONNAME = "Yiheng Quan";
				TargetAttributes = {
					92675B8B22DC8AB0009B8559 = {
						CreatedOnToolsVersion = 10.2.1;
					};
				};
			};
			buildConfigurationList = 92675B8722DC8AB0009B8559 /* Build configuration list for PBXProject "BatteryBar" */;
			compatibilityVersion = "Xcode 9.3";
			developmentRegion = en;
			hasScannedForEncodings = 0;
			knownRegions = (
				en,
				Base,
			);
			mainGroup = 92675B8322DC8AB0009B8559;
			productRefGroup = 92675B8D22DC8AB0009B8559 /* Products */;
			projectDirPath = "";
			projectRoot = "";
			targets = (
				92675B8B22DC8AB0009B8559 /* BatteryBar */,
			);
		};
/* End PBXProject section */

/* Begin PBXResourcesBuildPhase section */
		92675B8A22DC8AB0009B8559 /* Resources */ = {
			isa = PBXResourcesBuildPhase;
			buildActionMask = 2147483647;
			files = (
				92675B9422DC8AB2009B8559 /* Assets.xcassets in Resources */,
				92675B9722DC8AB2009B8559 /* Main.storyboard in Resources */,
			);
			runOnlyForDeploymentPostprocessing = 0;
		};
/* End PBXResourcesBuildPhase section */

/* Begin PBXSourcesBuildPhase section */
		92675B8822DC8AB0009B8559 /* Sources */ = {
			isa = PBXSourcesBuildPhase;
			buildActionMask = 2147483647;
			files = (
				92675B9022DC8AB0009B8559 /* AppDelegate.swift in Sources */,
				929E5A1522E2B4CE00FBEE1A /* Constant.swift in Sources */,
				92DD8E1922E83AAB0012C96B /* Utils.swift in Sources */,
				92DD8E1B22E83D2D0012C96B /* Battery.swift in Sources */,
			);
			runOnlyForDeploymentPostprocessing = 0;
		};
/* End PBXSourcesBuildPhase section */

/* Begin PBXVariantGroup section */
		92675B9522DC8AB2009B8559 /* Main.storyboard */ = {
			isa = PBXVariantGroup;
			children = (
				92675B9622DC8AB2009B8559 /* Base */,
			);
			name = Main.storyboard;
			sourceTree = "<group>";
		};
/* End PBXVariantGroup section */

/* Begin XCBuildConfiguration section */
		92675B9A22DC8AB2009B8559 /* Debug */ = {
			isa = XCBuildConfiguration;
			buildSettings = {
				ALWAYS_SEARCH_USER_PATHS = NO;
				CLANG_ANALYZER_NONNULL = YES;
				CLANG_ANALYZER_NUMBER_OBJECT_CONVERSION = YES_AGGRESSIVE;
				CLANG_CXX_LANGUAGE_STANDARD = "gnu++14";
				CLANG_CXX_LIBRARY = "libc++";
				CLANG_ENABLE_MODULES = YES;
				CLANG_ENABLE_OBJC_ARC = YES;
				CLANG_ENABLE_OBJC_WEAK = YES;
				CLANG_WARN_BLOCK_CAPTURE_AUTORELEASING = YES;
				CLANG_WARN_BOOL_CONVERSION = YES;
				CLANG_WARN_COMMA = YES;
				CLANG_WARN_CONSTANT_CONVERSION = YES;
				CLANG_WARN_DEPRECATED_OBJC_IMPLEMENTATIONS = YES;
				CLANG_WARN_DIRECT_OBJC_ISA_USAGE = YES_ERROR;
				CLANG_WARN_DOCUMENTATION_COMMENTS = YES;
				CLANG_WARN_EMPTY_BODY = YES;
				CLANG_WARN_ENUM_CONVERSION = YES;
				CLANG_WARN_INFINITE_RECURSION = YES;
				CLANG_WARN_INT_CONVERSION = YES;
				CLANG_WARN_NON_LITERAL_NULL_CONVERSION = YES;
				CLANG_WARN_OBJC_IMPLICIT_RETAIN_SELF = YES;
				CLANG_WARN_OBJC_LITERAL_CONVERSION = YES;
				CLANG_WARN_OBJC_ROOT_CLASS = YES_ERROR;
				CLANG_WARN_RANGE_LOOP_ANALYSIS = YES;
				CLANG_WARN_STRICT_PROTOTYPES = YES;
				CLANG_WARN_SUSPICIOUS_MOVE = YES;
				CLANG_WARN_UNGUARDED_AVAILABILITY = YES_AGGRESSIVE;
				CLANG_WARN_UNREACHABLE_CODE = YES;
				CLANG_WARN__DUPLICATE_METHOD_MATCH = YES;
				CODE_SIGN_IDENTITY = "Mac Developer";
				COPY_PHASE_STRIP = NO;
				DEBUG_INFORMATION_FORMAT = dwarf;
				ENABLE_STRICT_OBJC_MSGSEND = YES;
				ENABLE_TESTABILITY = YES;
				GCC_C_LANGUAGE_STANDARD = gnu11;
				GCC_DYNAMIC_NO_PIC = NO;
				GCC_NO_COMMON_BLOCKS = YES;
				GCC_OPTIMIZATION_LEVEL = 0;
				GCC_PREPROCESSOR_DEFINITIONS = (
					"DEBUG=1",
					"$(inherited)",
				);
				GCC_WARN_64_TO_32_BIT_CONVERSION = YES;
				GCC_WARN_ABOUT_RETURN_TYPE = YES_ERROR;
				GCC_WARN_UNDECLARED_SELECTOR = YES;
				GCC_WARN_UNINITIALIZED_AUTOS = YES_AGGRESSIVE;
				GCC_WARN_UNUSED_FUNCTION = YES;
				GCC_WARN_UNUSED_VARIABLE = YES;
				MACOSX_DEPLOYMENT_TARGET = 10.14;
				MTL_ENABLE_DEBUG_INFO = INCLUDE_SOURCE;
				MTL_FAST_MATH = YES;
				ONLY_ACTIVE_ARCH = YES;
				SDKROOT = macosx;
				SWIFT_ACTIVE_COMPILATION_CONDITIONS = DEBUG;
				SWIFT_OPTIMIZATION_LEVEL = "-Onone";
			};
			name = Debug;
		};
		92675B9B22DC8AB2009B8559 /* Release */ = {
			isa = XCBuildConfiguration;
			buildSettings = {
				ALWAYS_SEARCH_USER_PATHS = NO;
				CLANG_ANALYZER_NONNULL = YES;
				CLANG_ANALYZER_NUMBER_OBJECT_CONVERSION = YES_AGGRESSIVE;
				CLANG_CXX_LANGUAGE_STANDARD = "gnu++14";
				CLANG_CXX_LIBRARY = "libc++";
				CLANG_ENABLE_MODULES = YES;
				CLANG_ENABLE_OBJC_ARC = YES;
				CLANG_ENABLE_OBJC_WEAK = YES;
				CLANG_WARN_BLOCK_CAPTURE_AUTORELEASING = YES;
				CLANG_WARN_BOOL_CONVERSION = YES;
				CLANG_WARN_COMMA = YES;
				CLANG_WARN_CONSTANT_CONVERSION = YES;
				CLANG_WARN_DEPRECATED_OBJC_IMPLEMENTATIONS = YES;
				CLANG_WARN_DIRECT_OBJC_ISA_USAGE = YES_ERROR;
				CLANG_WARN_DOCUMENTATION_COMMENTS = YES;
				CLANG_WARN_EMPTY_BODY = YES;
				CLANG_WARN_ENUM_CONVERSION = YES;
				CLANG_WARN_INFINITE_RECURSION = YES;
				CLANG_WARN_INT_CONVERSION = YES;
				CLANG_WARN_NON_LITERAL_NULL_CONVERSION = YES;
				CLANG_WARN_OBJC_IMPLICIT_RETAIN_SELF = YES;
				CLANG_WARN_OBJC_LITERAL_CONVERSION = YES;
				CLANG_WARN_OBJC_ROOT_CLASS = YES_ERROR;
				CLANG_WARN_RANGE_LOOP_ANALYSIS = YES;
				CLANG_WARN_STRICT_PROTOTYPES = YES;
				CLANG_WARN_SUSPICIOUS_MOVE = YES;
				CLANG_WARN_UNGUARDED_AVAILABILITY = YES_AGGRESSIVE;
				CLANG_WARN_UNREACHABLE_CODE = YES;
				CLANG_WARN__DUPLICATE_METHOD_MATCH = YES;
				CODE_SIGN_IDENTITY = "Mac Developer";
				COPY_PHASE_STRIP = NO;
				DEBUG_INFORMATION_FORMAT = "dwarf-with-dsym";
				ENABLE_NS_ASSERTIONS = NO;
				ENABLE_STRICT_OBJC_MSGSEND = YES;
				GCC_C_LANGUAGE_STANDARD = gnu11;
				GCC_NO_COMMON_BLOCKS = YES;
				GCC_WARN_64_TO_32_BIT_CONVERSION = YES;
				GCC_WARN_ABOUT_RETURN_TYPE = YES_ERROR;
				GCC_WARN_UNDECLARED_SELECTOR = YES;
				GCC_WARN_UNINITIALIZED_AUTOS = YES_AGGRESSIVE;
				GCC_WARN_UNUSED_FUNCTION = YES;
				GCC_WARN_UNUSED_VARIABLE = YES;
				MACOSX_DEPLOYMENT_TARGET = 10.14;
				MTL_ENABLE_DEBUG_INFO = NO;
				MTL_FAST_MATH = YES;
				SDKROOT = macosx;
				SWIFT_COMPILATION_MODE = wholemodule;
				SWIFT_OPTIMIZATION_LEVEL = "-O";
			};
			name = Release;
		};
		92675B9D22DC8AB2009B8559 /* Debug */ = {
			isa = XCBuildConfiguration;
			buildSettings = {
				ASSETCATALOG_COMPILER_APPICON_NAME = AppIcon;
				CODE_SIGN_ENTITLEMENTS = Battery/Battery.entitlements;
				CODE_SIGN_STYLE = Automatic;
				COMBINE_HIDPI_IMAGES = YES;
				DEVELOPMENT_TEAM = 4YSG3SYMLE;
				INFOPLIST_FILE = Battery/Info.plist;
				LD_RUNPATH_SEARCH_PATHS = (
					"$(inherited)",
					"@executable_path/../Frameworks",
				);
				MACOSX_DEPLOYMENT_TARGET = 10.12;
				PRODUCT_BUNDLE_IDENTIFIER = com.yihengquan.batterybar;
				PRODUCT_NAME = "$(TARGET_NAME)";
				SWIFT_VERSION = 5.0;
			};
			name = Debug;
		};
		92675B9E22DC8AB2009B8559 /* Release */ = {
			isa = XCBuildConfiguration;
			buildSettings = {
				ASSETCATALOG_COMPILER_APPICON_NAME = AppIcon;
				CODE_SIGN_ENTITLEMENTS = Battery/Battery.entitlements;
				CODE_SIGN_STYLE = Automatic;
				COMBINE_HIDPI_IMAGES = YES;
				DEVELOPMENT_TEAM = 4YSG3SYMLE;
				INFOPLIST_FILE = Battery/Info.plist;
				LD_RUNPATH_SEARCH_PATHS = (
					"$(inherited)",
					"@executable_path/../Frameworks",
				);
				MACOSX_DEPLOYMENT_TARGET = 10.12;
				PRODUCT_BUNDLE_IDENTIFIER = com.yihengquan.batterybar;
				PRODUCT_NAME = "$(TARGET_NAME)";
				SWIFT_VERSION = 5.0;
			};
			name = Release;
		};
/* End XCBuildConfiguration section */

/* Begin XCConfigurationList section */
		92675B8722DC8AB0009B8559 /* Build configuration list for PBXProject "BatteryBar" */ = {
			isa = XCConfigurationList;
			buildConfigurations = (
				92675B9A22DC8AB2009B8559 /* Debug */,
				92675B9B22DC8AB2009B8559 /* Release */,
			);
			defaultConfigurationIsVisible = 0;
			defaultConfigurationName = Release;
		};
		92675B9C22DC8AB2009B8559 /* Build configuration list for PBXNativeTarget "BatteryBar" */ = {
			isa = XCConfigurationList;
			buildConfigurations = (
				92675B9D22DC8AB2009B8559 /* Debug */,
				92675B9E22DC8AB2009B8559 /* Release */,
			);
			defaultConfigurationIsVisible = 0;
			defaultConfigurationName = Release;
		};
/* End XCConfigurationList section */
	};
	rootObject = 92675B8422DC8AB0009B8559 /* Project object */;
}
